Microsoft Visual Studio Solution File, Format Version 11.00
# Visual Studio 2008

Project("{E3815E2F-C9D3-A0ED-93B5-8E114A09F7D5}") = "AlphaLabTool", "Assembly-CSharp-vs.csproj", "{E98F0848-3F53-43DD-7F6C-A5CE209C7206}"
EndProject
Project("{E3815E2F-C9D3-A0ED-93B5-8E114A09F7D5}") = "AlphaLabTool", "Assembly-CSharp-Editor-vs.csproj", "{081BEE9D-5829-092E-E5AF-2F6D69A90EB0}"
EndProject
Global
	GlobalSection(SolutionConfigurationPlatforms) = preSolution
		Debug|Any CPU = Debug|Any CPU
		Release|Any CPU = Release|Any CPU
	EndGlobalSection
	GlobalSection(ProjectConfigurationPlatforms) = postSolution
		{E98F0848-3F53-43DD-7F6C-A5CE209C7206}.Debug|Any CPU.ActiveCfg = Debug|Any CPU
		{E98F0848-3F53-43DD-7F6C-A5CE209C7206}.Debug|Any CPU.Build.0 = Debug|Any CPU
		{E98F0848-3F53-43DD-7F6C-A5CE209C7206}.Release|Any CPU.ActiveCfg = Release|Any CPU
		{E98F0848-3F53-43DD-7F6C-A5CE209C7206}.Release|Any CPU.Build.0 = Release|Any CPU
		{081BEE9D-5829-092E-E5AF-2F6D69A90EB0}.Debug|Any CPU.ActiveCfg = Debug|Any CPU
		{081BEE9D-5829-092E-E5AF-2F6D69A90EB0}.Debug|Any CPU.Build.0 = Debug|Any CPU
		{081BEE9D-5829-092E-E5AF-2F6D69A90EB0}.Release|Any CPU.ActiveCfg = Release|Any CPU
		{081BEE9D-5829-092E-E5AF-2F6D69A90EB0}.Release|Any CPU.Build.0 = Release|Any CPU
	EndGlobalSection
	GlobalSection(SolutionProperties) = preSolution
		HideSolutionNode = FALSE
	EndGlobalSection
																																																																																																							GlobalSection(MonoDevelopProperties) = preSolution
		StartupItem = Assembly-CSharp.csproj
		Policies = $0
		$0.TextStylePolicy = $1
		$1.inheritsSet = null
		$1.scope = text/x-csharp
		$0.CSharpFormattingPolicy = $2
		$2.inheritsSet = Mono
		$2.inheritsScope = text/x-csharp
		$2.scope = text/x-csharp
		$0.TextStylePolicy = $3
		$3.FileWidth = 120
		$3.TabWidth = 4
		$3.IndentWidth = 4
		$3.EolMarker = Unix
		$3.inheritsSet = Mono
		$3.inheritsScope = text/plain
		$3.scope = text/plain
	EndGlobalSection

EndGlobal
